
Microsoft Visual Studio Solution File, Format Version 12.00
# Visual Studio 15
VisualStudioVersion = 15.0.28010.0
MinimumVisualStudioVersion = 10.0.40219.1
Project("{FAE04EC0-301F-11D3-BF4B-00C04F79EFBC}") = "Switcherino", "Switcherino\Switcherino.csproj", "{B0EDC34A-1FD5-47D5-896E-79B71A436A8E}"
EndProject
Global
	GlobalSection(SolutionConfigurationPlatforms) = preSolution
		Debug|Any CPU = Debug|Any CPU
		Release|Any CPU = Release|Any CPU
	EndGlobalSection
	GlobalSection(ProjectConfigurationPlatforms) = postSolution
		{B0EDC34A-1FD5-47D5-896E-79B71A436A8E}.Debug|Any CPU.ActiveCfg = Debug|Any CPU
		{B0EDC34A-1FD5-47D5-896E-79B71A436A8E}.Debug|Any CPU.Build.0 = Debug|Any CPU
		{B0EDC34A-1FD5-47D5-896E-79B71A436A8E}.Release|Any CPU.ActiveCfg = Release|Any CPU
		{B0EDC34A-1FD5-47D5-896E-79B71A436A8E}.Release|Any CPU.Build.0 = Release|Any CPU
	EndGlobalSection
	GlobalSection(SolutionProperties) = preSolution
		HideSolutionNode = FALSE
	EndGlobalSection
	GlobalSection(ExtensibilityGlobals) = postSolution
		SolutionGuid = {AE392ABE-24E1-4620-833D-776D117FEB9A}
	EndGlobalSection
EndGlobal
